{
  "name": "@blockzilla101/citation",
  "version": "1.2.3",
  "lockfileVersion": 2,
  "requires": true,
  "packages": {
    "": {
      "name": "@blockzilla101/citation",
      "version": "1.2.3",
      "dependencies": {
        "@napi-rs/canvas": "^0.1.34",
        "args-parser": "^1.3.0",
        "gif-encoder-2": "^1.0.5"
      }
    },
    "node_modules/@napi-rs/canvas": {
      "version": "0.1.34",
      "resolved": "https://registry.npmjs.org/@napi-rs/canvas/-/canvas-0.1.34.tgz",
      "integrity": "sha512-Nw719Ne/523nRIsM3ZHRfZFHKLE7Hy8K0ChQZNvOP4GebLBmeoySzEIaxxG4xja+jDGwhkbh43raMK7No9kx7A==",
      "engines": {
        "node": ">= 10"
      },
      "optionalDependencies": {
        "@napi-rs/canvas-android-arm64": "0.1.34",
        "@napi-rs/canvas-darwin-arm64": "0.1.34",
        "@napi-rs/canvas-darwin-x64": "0.1.34",
        "@napi-rs/canvas-linux-arm-gnueabihf": "0.1.34",
        "@napi-rs/canvas-linux-arm64-gnu": "0.1.34",
        "@napi-rs/canvas-linux-arm64-musl": "0.1.34",
        "@napi-rs/canvas-linux-x64-gnu": "0.1.34",
        "@napi-rs/canvas-linux-x64-musl": "0.1.34",
        "@napi-rs/canvas-win32-x64-msvc": "0.1.34"
      }
    },
    "node_modules/@napi-rs/canvas-android-arm64": {
      "version": "0.1.34",
      "resolved": "https://registry.npmjs.org/@napi-rs/canvas-android-arm64/-/canvas-android-arm64-0.1.34.tgz",
      "integrity": "sha512-oj6zoaLG3Re3EpKSaXy6rkYpw+dCiqFSpl2JL/uWZ5F2oB3A9KKL3wydQljgg8D40I6wEFAyUpbYgTU4q14quQ==",
      "cpu": [
        "arm64"
      ],
      "optional": true,
      "os": [
        "android"
      ],
      "engines": {
        "node": ">= 10"
      }
    },
    "node_modules/@napi-rs/canvas-darwin-arm64": {
      "version": "0.1.34",
      "resolved": "https://registry.npmjs.org/@napi-rs/canvas-darwin-arm64/-/canvas-darwin-arm64-0.1.34.tgz",
      "integrity": "sha512-P8oEeRHJ5z2TYg+rHtEk5lxdODtvYKwfs3v8Uy5EuQJ7PIoEFjUfQnnntuZ1LwbDz0TfuaJz0aRH9TjMNnBKBw==",
      "cpu": [
        "arm64"
      ],
      "optional": true,
      "os": [
        "darwin"
      ],
      "engines": {
        "node": ">= 10"
      }
    },
    "node_modules/@napi-rs/canvas-darwin-x64": {
      "version": "0.1.34",
      "resolved": "https://registry.npmjs.org/@napi-rs/canvas-darwin-x64/-/canvas-darwin-x64-0.1.34.tgz",
      "integrity": "sha512-TptzmEvPbQtZQfpdVqXzvvyy0gRIxFSeaavUJEA0wstuXmMEEL3Ge6rk/lX38ixrwC6rTB3V6e2hziRd1UZ9Pg==",
      "cpu": [
        "x64"
      ],
      "optional": true,
      "os": [
        "darwin"
      ],
      "engines": {
        "node": ">= 10"
      }
    },
    "node_modules/@napi-rs/canvas-linux-arm-gnueabihf": {
      "version": "0.1.34",
      "resolved": "https://registry.npmjs.org/@napi-rs/canvas-linux-arm-gnueabihf/-/canvas-linux-arm-gnueabihf-0.1.34.tgz",
      "integrity": "sha512-w54DIqvdxc+cIP3y0esC26G5BKICE4nvo6J0u/q9zZruvnLkInKariAOMTN0gmDjZjHY3a5lTro4CTg0Odoteg==",
      "cpu": [
        "arm"
      ],
      "optional": true,
      "os": [
        "linux"
      ],
      "engines": {
        "node": ">= 10"
      }
    },
    "node_modules/@napi-rs/canvas-linux-arm64-gnu": {
      "version": "0.1.34",
      "resolved": "https://registry.npmjs.org/@napi-rs/canvas-linux-arm64-gnu/-/canvas-linux-arm64-gnu-0.1.34.tgz",
      "integrity": "sha512-N008ta7zer8v3cky4YLT9IcOmVmL7PyJ2P7L65GeICfOkczOD9THdgcbPWa6NNbHiDSHPSsXVRRrb5uAIDNbZQ==",
      "cpu": [
        "arm64"
      ],
      "hasInstallScript": true,
      "optional": true,
      "os": [
        "linux"
      ],
      "engines": {
        "node": ">= 10"
      }
    },
    "node_modules/@napi-rs/canvas-linux-arm64-musl": {
      "version": "0.1.34",
      "resolved": "https://registry.npmjs.org/@napi-rs/canvas-linux-arm64-musl/-/canvas-linux-arm64-musl-0.1.34.tgz",
      "integrity": "sha512-/axLA9UrNri93JqlbQaZ4Md2zUMwWxSHnTnlOnGBpDrAvFHrZ8VgYvQU6SbaiAuC7NvqADFgZ+lINo2JCMl1tw==",
      "cpu": [
        "arm64"
      ],
      "hasInstallScript": true,
      "optional": true,
      "os": [
        "linux"
      ],
      "engines": {
        "node": ">= 10"
      }
    },
    "node_modules/@napi-rs/canvas-linux-x64-gnu": {
      "version": "0.1.34",
      "resolved": "https://registry.npmjs.org/@napi-rs/canvas-linux-x64-gnu/-/canvas-linux-x64-gnu-0.1.34.tgz",
      "integrity": "sha512-YEYdWWmAdZt/02t22DFlqFxANmmEI6/Vyqoz+7+Y6s/6nAohQ/S9qRjeYtMYW4J6qxSpoVhOm8NkZ7niv4OFJA==",
      "cpu": [
        "x64"
      ],
      "hasInstallScript": true,
      "optional": true,
      "os": [
        "linux"
      ],
      "engines": {
        "node": ">= 10"
      }
    },
    "node_modules/@napi-rs/canvas-linux-x64-musl": {
      "version": "0.1.34",
      "resolved": "https://registry.npmjs.org/@napi-rs/canvas-linux-x64-musl/-/canvas-linux-x64-musl-0.1.34.tgz",
      "integrity": "sha512-K4Nk/BL6TiLkMU8QAH45j/YAn7B4//cp6FvivGJBr7/unEm+nv8nSFX/ueBV9G6/lyOBKcWdiMWoclJxVP9q4A==",
      "cpu": [
        "x64"
      ],
      "hasInstallScript": true,
      "optional": true,
      "os": [
        "linux"
      ],
      "engines": {
        "node": ">= 10"
      }
    },
    "node_modules/@napi-rs/canvas-win32-x64-msvc": {
      "version": "0.1.34",
      "resolved": "https://registry.npmjs.org/@napi-rs/canvas-win32-x64-msvc/-/canvas-win32-x64-msvc-0.1.34.tgz",
      "integrity": "sha512-k8tPRVbB0svxC3sZ1qxMJbJYjnFN1oyi344DwbbOeUTUQNyGPwrpsHjtnPbNogl0/i/jFtRXH6fI5fCngmolCA==",
      "cpu": [
        "x64"
      ],
      "optional": true,
      "os": [
        "win32"
      ],
      "engines": {
        "node": ">= 10"
      }
    },
    "node_modules/args-parser": {
      "version": "1.3.0",
      "resolved": "https://registry.npmjs.org/args-parser/-/args-parser-1.3.0.tgz",
      "integrity": "sha512-If3Zi4BSjlQIJ9fgAhSiKi0oJtgMzSqh0H4wvl7XSeO16FKx7QqaHld8lZeEajPX7y1C5qKKeNgyrfyvmjmjUQ=="
    },
    "node_modules/gif-encoder-2": {
      "version": "1.0.5",
      "resolved": "https://registry.npmjs.org/gif-encoder-2/-/gif-encoder-2-1.0.5.tgz",
      "integrity": "sha512-fsRAKbZuUoZ7FYGjpFElmflTkKwsn/CzAmL/xDl4558aTAgysIDCUF6AXWO8dmai/ApfZACbPVAM+vPezJXlFg=="
    }
  },
  "dependencies": {
    "@napi-rs/canvas": {
      "version": "0.1.34",
      "resolved": "https://registry.npmjs.org/@napi-rs/canvas/-/canvas-0.1.34.tgz",
      "integrity": "sha512-Nw719Ne/523nRIsM3ZHRfZFHKLE7Hy8K0ChQZNvOP4GebLBmeoySzEIaxxG4xja+jDGwhkbh43raMK7No9kx7A==",
      "requires": {
        "@napi-rs/canvas-android-arm64": "0.1.34",
        "@napi-rs/canvas-darwin-arm64": "0.1.34",
        "@napi-rs/canvas-darwin-x64": "0.1.34",
        "@napi-rs/canvas-linux-arm-gnueabihf": "0.1.34",
        "@napi-rs/canvas-linux-arm64-gnu": "0.1.34",
        "@napi-rs/canvas-linux-arm64-musl": "0.1.34",
        "@napi-rs/canvas-linux-x64-gnu": "0.1.34",
        "@napi-rs/canvas-linux-x64-musl": "0.1.34",
        "@napi-rs/canvas-win32-x64-msvc": "0.1.34"
      }
    },
    "@napi-rs/canvas-android-arm64": {
      "version": "0.1.34",
      "resolved": "https://registry.npmjs.org/@napi-rs/canvas-android-arm64/-/canvas-android-arm64-0.1.34.tgz",
      "integrity": "sha512-oj6zoaLG3Re3EpKSaXy6rkYpw+dCiqFSpl2JL/uWZ5F2oB3A9KKL3wydQljgg8D40I6wEFAyUpbYgTU4q14quQ==",
      "optional": true
    },
    "@napi-rs/canvas-darwin-arm64": {
      "version": "0.1.34",
      "resolved": "https://registry.npmjs.org/@napi-rs/canvas-darwin-arm64/-/canvas-darwin-arm64-0.1.34.tgz",
      "integrity": "sha512-P8oEeRHJ5z2TYg+rHtEk5lxdODtvYKwfs3v8Uy5EuQJ7PIoEFjUfQnnntuZ1LwbDz0TfuaJz0aRH9TjMNnBKBw==",
      "optional": true
    },
    "@napi-rs/canvas-darwin-x64": {
      "version": "0.1.34",
      "resolved": "https://registry.npmjs.org/@napi-rs/canvas-darwin-x64/-/canvas-darwin-x64-0.1.34.tgz",
      "integrity": "sha512-TptzmEvPbQtZQfpdVqXzvvyy0gRIxFSeaavUJEA0wstuXmMEEL3Ge6rk/lX38ixrwC6rTB3V6e2hziRd1UZ9Pg==",
      "optional": true
    },
    "@napi-rs/canvas-linux-arm-gnueabihf": {
      "version": "0.1.34",
      "resolved": "https://registry.npmjs.org/@napi-rs/canvas-linux-arm-gnueabihf/-/canvas-linux-arm-gnueabihf-0.1.34.tgz",
      "integrity": "sha512-w54DIqvdxc+cIP3y0esC26G5BKICE4nvo6J0u/q9zZruvnLkInKariAOMTN0gmDjZjHY3a5lTro4CTg0Odoteg==",
      "optional": true
    },
    "@napi-rs/canvas-linux-arm64-gnu": {
      "version": "0.1.34",
      "resolved": "https://registry.npmjs.org/@napi-rs/canvas-linux-arm64-gnu/-/canvas-linux-arm64-gnu-0.1.34.tgz",
      "integrity": "sha512-N008ta7zer8v3cky4YLT9IcOmVmL7PyJ2P7L65GeICfOkczOD9THdgcbPWa6NNbHiDSHPSsXVRRrb5uAIDNbZQ==",
      "optional": true
    },
    "@napi-rs/canvas-linux-arm64-musl": {
      "version": "0.1.34",
      "resolved": "https://registry.npmjs.org/@napi-rs/canvas-linux-arm64-musl/-/canvas-linux-arm64-musl-0.1.34.tgz",
      "integrity": "sha512-/axLA9UrNri93JqlbQaZ4Md2zUMwWxSHnTnlOnGBpDrAvFHrZ8VgYvQU6SbaiAuC7NvqADFgZ+lINo2JCMl1tw==",
      "optional": true
    },
    "@napi-rs/canvas-linux-x64-gnu": {
      "version": "0.1.34",
      "resolved": "https://registry.npmjs.org/@napi-rs/canvas-linux-x64-gnu/-/canvas-linux-x64-gnu-0.1.34.tgz",
      "integrity": "sha512-YEYdWWmAdZt/02t22DFlqFxANmmEI6/Vyqoz+7+Y6s/6nAohQ/S9qRjeYtMYW4J6qxSpoVhOm8NkZ7niv4OFJA==",
      "optional": true
    },
    "@napi-rs/canvas-linux-x64-musl": {
      "version": "0.1.34",
      "resolved": "https://registry.npmjs.org/@napi-rs/canvas-linux-x64-musl/-/canvas-linux-x64-musl-0.1.34.tgz",
      "integrity": "sha512-K4Nk/BL6TiLkMU8QAH45j/YAn7B4//cp6FvivGJBr7/unEm+nv8nSFX/ueBV9G6/lyOBKcWdiMWoclJxVP9q4A==",
      "optional": true
    },
    "@napi-rs/canvas-win32-x64-msvc": {
      "version": "0.1.34",
      "resolved": "https://registry.npmjs.org/@napi-rs/canvas-win32-x64-msvc/-/canvas-win32-x64-msvc-0.1.34.tgz",
      "integrity": "sha512-k8tPRVbB0svxC3sZ1qxMJbJYjnFN1oyi344DwbbOeUTUQNyGPwrpsHjtnPbNogl0/i/jFtRXH6fI5fCngmolCA==",
      "optional": true
    },
    "args-parser": {
      "version": "1.3.0",
      "resolved": "https://registry.npmjs.org/args-parser/-/args-parser-1.3.0.tgz",
      "integrity": "sha512-If3Zi4BSjlQIJ9fgAhSiKi0oJtgMzSqh0H4wvl7XSeO16FKx7QqaHld8lZeEajPX7y1C5qKKeNgyrfyvmjmjUQ=="
    },
    "gif-encoder-2": {
      "version": "1.0.5",
      "resolved": "https://registry.npmjs.org/gif-encoder-2/-/gif-encoder-2-1.0.5.tgz",
      "integrity": "sha512-fsRAKbZuUoZ7FYGjpFElmflTkKwsn/CzAmL/xDl4558aTAgysIDCUF6AXWO8dmai/ApfZACbPVAM+vPezJXlFg=="
    }
  }
}
